
Microsoft Visual Studio Solution File, Format Version 12.00
# Visual Studio Version 17
VisualStudioVersion = 17.14.36518.9 d17.14
MinimumVisualStudioVersion = 10.0.40219.1
Project("{FAE04EC0-301F-11D3-BF4B-00C04F79EFBC}") = "WindowsFormsApp1", "WindowsFormsApp1\WindowsFormsApp1.csproj", "{31CAC0D7-2362-412D-A568-4CB92ED66520}"
EndProject
Project("{FAE04EC0-301F-11D3-BF4B-00C04F79EFBC}") = "UnitTestProject1", "UnitTestProject1\UnitTestProject1.csproj", "{72FFAB57-764D-4080-A34A-C2A4895FA581}"
EndProject
Global
	GlobalSection(SolutionConfigurationPlatforms) = preSolution
		Debug|Any CPU = Debug|Any CPU
		Release|Any CPU = Release|Any CPU
	EndGlobalSection
	GlobalSection(ProjectConfigurationPlatforms) = postSolution
		{31CAC0D7-2362-412D-A568-4CB92ED66520}.Debug|Any CPU.ActiveCfg = Debug|Any CPU
		{31CAC0D7-2362-412D-A568-4CB92ED66520}.Debug|Any CPU.Build.0 = Debug|Any CPU
		{31CAC0D7-2362-412D-A568-4CB92ED66520}.Release|Any CPU.ActiveCfg = Release|Any CPU
		{31CAC0D7-2362-412D-A568-4CB92ED66520}.Release|Any CPU.Build.0 = Release|Any CPU
		{72FFAB57-764D-4080-A34A-C2A4895FA581}.Debug|Any CPU.ActiveCfg = Debug|Any CPU
		{72FFAB57-764D-4080-A34A-C2A4895FA581}.Debug|Any CPU.Build.0 = Debug|Any CPU
		{72FFAB57-764D-4080-A34A-C2A4895FA581}.Release|Any CPU.ActiveCfg = Release|Any CPU
		{72FFAB57-764D-4080-A34A-C2A4895FA581}.Release|Any CPU.Build.0 = Release|Any CPU
	EndGlobalSection
	GlobalSection(SolutionProperties) = preSolution
		HideSolutionNode = FALSE
	EndGlobalSection
	GlobalSection(ExtensibilityGlobals) = postSolution
		SolutionGuid = {1D9C011C-3F96-43CE-87F8-AF2CA7ACC513}
	EndGlobalSection
EndGlobal
